
Microsoft Visual Studio Solution File, Format Version 12.00
# Visual Studio Version 17
VisualStudioVersion = 17.6.33723.286
MinimumVisualStudioVersion = 10.0.40219.1
Project("{FAE04EC0-301F-11D3-BF4B-00C04F79EFBC}") = "EFCoreMoviesForVue", "EFCoreMoviesForVue\EFCoreMoviesForVue.csproj", "{3C1C4698-9049-4A3C-8E91-270A881CD1F8}"
EndProject
Global
	GlobalSection(SolutionConfigurationPlatforms) = preSolution
		Debug|Any CPU = Debug|Any CPU
		Release|Any CPU = Release|Any CPU
	EndGlobalSection
	GlobalSection(ProjectConfigurationPlatforms) = postSolution
		{3C1C4698-9049-4A3C-8E91-270A881CD1F8}.Debug|Any CPU.ActiveCfg = Debug|Any CPU
		{3C1C4698-9049-4A3C-8E91-270A881CD1F8}.Debug|Any CPU.Build.0 = Debug|Any CPU
		{3C1C4698-9049-4A3C-8E91-270A881CD1F8}.Release|Any CPU.ActiveCfg = Release|Any CPU
		{3C1C4698-9049-4A3C-8E91-270A881CD1F8}.Release|Any CPU.Build.0 = Release|Any CPU
	EndGlobalSection
	GlobalSection(SolutionProperties) = preSolution
		HideSolutionNode = FALSE
	EndGlobalSection
	GlobalSection(ExtensibilityGlobals) = postSolution
		SolutionGuid = {41F7E7AD-8D6A-40FF-8A62-C2F1F0EBC81C}
	EndGlobalSection
EndGlobal
